
Microsoft Visual Studio Solution File, Format Version 12.00
# Visual Studio 15
VisualStudioVersion = 15.0.28307.572
MinimumVisualStudioVersion = 10.0.40219.1
Project("{FAE04EC0-301F-11D3-BF4B-00C04F79EFBC}") = "test", "test\test.csproj", "{DA55A2E5-882E-49A9-8A09-5772448AA0D1}"
EndProject
Global
	GlobalSection(SolutionConfigurationPlatforms) = preSolution
		Debug|Any CPU = Debug|Any CPU
		Release|Any CPU = Release|Any CPU
	EndGlobalSection
	GlobalSection(ProjectConfigurationPlatforms) = postSolution
		{DA55A2E5-882E-49A9-8A09-5772448AA0D1}.Debug|Any CPU.ActiveCfg = Debug|Any CPU
		{DA55A2E5-882E-49A9-8A09-5772448AA0D1}.Debug|Any CPU.Build.0 = Debug|Any CPU
		{DA55A2E5-882E-49A9-8A09-5772448AA0D1}.Release|Any CPU.ActiveCfg = Release|Any CPU
		{DA55A2E5-882E-49A9-8A09-5772448AA0D1}.Release|Any CPU.Build.0 = Release|Any CPU
	EndGlobalSection
	GlobalSection(SolutionProperties) = preSolution
		HideSolutionNode = FALSE
	EndGlobalSection
	GlobalSection(ExtensibilityGlobals) = postSolution
		SolutionGuid = {F62DE08E-9A22-4AD2-B48C-C647E884F3EB}
	EndGlobalSection
EndGlobal
